// !$*UTF8*$!
{
	archiveVersion = 1;
	classes = {
	};
	objectVersion = 56;
	objects = {

/* Begin PBXBuildFile section */
		DDB44D7129C6296E008F5589 /* AppDelegate.swift in Sources */ = {isa = PBXBuildFile; fileRef = DDB44D7029C6296E008F5589 /* AppDelegate.swift */; };
		DDB44D7329C6296E008F5589 /* SceneDelegate.swift in Sources */ = {isa = PBXBuildFile; fileRef = DDB44D7229C6296E008F5589 /* SceneDelegate.swift */; };
		DDB44D7A29C6296F008F5589 /* Assets.xcassets in Resources */ = {isa = PBXBuildFile; fileRef = DDB44D7929C6296F008F5589 /* Assets.xcassets */; };
		DDB44D7D29C6296F008F5589 /* LaunchScreen.storyboard in Resources */ = {isa = PBXBuildFile; fileRef = DDB44D7B29C6296F008F5589 /* LaunchScreen.storyboard */; };
		DDB44DAB29C63932008F5589 /* Main.storyboard in Resources */ = {isa = PBXBuildFile; fileRef = DDB44DAA29C63932008F5589 /* Main.storyboard */; };
		DDB44DAD29C63A4E008F5589 /* Task.swift in Sources */ = {isa = PBXBuildFile; fileRef = DDB44DAC29C63A4E008F5589 /* Task.swift */; };
		DDB44DAE29C63A5E008F5589 /* TaskCell.swift in Sources */ = {isa = PBXBuildFile; fileRef = DDB44DA429C638D4008F5589 /* TaskCell.swift */; };
		DDB44DAF29C63A60008F5589 /* TaskListViewController.swift in Sources */ = {isa = PBXBuildFile; fileRef = DDB44DA529C638D4008F5589 /* TaskListViewController.swift */; };
		DDB44DB129C63A65008F5589 /* TaskDetailViewController.swift in Sources */ = {isa = PBXBuildFile; fileRef = DDB44DA229C638A6008F5589 /* TaskDetailViewController.swift */; };
		DDB44DB329C63AAF008F5589 /* TaskComposeViewController.swift in Sources */ = {isa = PBXBuildFile; fileRef = DDB44DB229C63AAF008F5589 /* TaskComposeViewController.swift */; };
/* End PBXBuildFile section */

/* Begin PBXFileReference section */
		DDB44D6D29C6296E008F5589 /* PSH.app */ = {isa = PBXFileReference; explicitFileType = wrapper.application; includeInIndex = 0; path = PSH.app; sourceTree = BUILT_PRODUCTS_DIR; };
		DDB44D7029C6296E008F5589 /* AppDelegate.swift */ = {isa = PBXFileReference; lastKnownFileType = sourcecode.swift; path = AppDelegate.swift; sourceTree = "<group>"; };
		DDB44D7229C6296E008F5589 /* SceneDelegate.swift */ = {isa = PBXFileReference; lastKnownFileType = sourcecode.swift; path = SceneDelegate.swift; sourceTree = "<group>"; };
		DDB44D7929C6296F008F5589 /* Assets.xcassets */ = {isa = PBXFileReference; lastKnownFileType = folder.assetcatalog; path = Assets.xcassets; sourceTree = "<group>"; };
		DDB44D7C29C6296F008F5589 /* Base */ = {isa = PBXFileReference; lastKnownFileType = file.storyboard; name = Base; path = Base.lproj/LaunchScreen.storyboard; sourceTree = "<group>"; };
		DDB44D7E29C6296F008F5589 /* Info.plist */ = {isa = PBXFileReference; lastKnownFileType = text.plist.xml; path = Info.plist; sourceTree = "<group>"; };
		DDB44DA229C638A6008F5589 /* TaskDetailViewController.swift */ = {isa = PBXFileReference; lastKnownFileType = sourcecode.swift; path = TaskDetailViewController.swift; sourceTree = "<group>"; };
		DDB44DA429C638D4008F5589 /* TaskCell.swift */ = {isa = PBXFileReference; lastKnownFileType = sourcecode.swift; path = TaskCell.swift; sourceTree = "<group>"; };
		DDB44DA529C638D4008F5589 /* TaskListViewController.swift */ = {isa = PBXFileReference; lastKnownFileType = sourcecode.swift; path = TaskListViewController.swift; sourceTree = "<group>"; };
		DDB44DAA29C63932008F5589 /* Main.storyboard */ = {isa = PBXFileReference; fileEncoding = 4; lastKnownFileType = file.storyboard; path = Main.storyboard; sourceTree = "<group>"; };
		DDB44DAC29C63A4E008F5589 /* Task.swift */ = {isa = PBXFileReference; lastKnownFileType = sourcecode.swift; path = Task.swift; sourceTree = "<group>"; };
		DDB44DB229C63AAF008F5589 /* TaskComposeViewController.swift */ = {isa = PBXFileReference; fileEncoding = 4; lastKnownFileType = sourcecode.swift; name = TaskComposeViewController.swift; path = "../../../Downloads/lab-task-squirrel 2/lab-task-squirrel/TaskComposeViewController.swift"; sourceTree = "<group>"; };
/* End PBXFileReference section */

/* Begin PBXFrameworksBuildPhase section */
		DDB44D6A29C6296E008F5589 /* Frameworks */ = {
			isa = PBXFrameworksBuildPhase;
			buildActionMask = 2147483647;
			files = (
			);
			runOnlyForDeploymentPostprocessing = 0;
		};
/* End PBXFrameworksBuildPhase section */

/* Begin PBXGroup section */
		DDB44D6429C6296E008F5589 = {
			isa = PBXGroup;
			children = (
				DDB44D6F29C6296E008F5589 /* PSH */,
				DDB44D6E29C6296E008F5589 /* Products */,
			);
			sourceTree = "<group>";
		};
		DDB44D6E29C6296E008F5589 /* Products */ = {
			isa = PBXGroup;
			children = (
				DDB44D6D29C6296E008F5589 /* PSH.app */,
			);
			name = Products;
			sourceTree = "<group>";
		};
		DDB44D6F29C6296E008F5589 /* PSH */ = {
			isa = PBXGroup;
			children = (
				DDB44D7029C6296E008F5589 /* AppDelegate.swift */,
				DDB44D7229C6296E008F5589 /* SceneDelegate.swift */,
				DDB44DAC29C63A4E008F5589 /* Task.swift */,
				DDB44DA429C638D4008F5589 /* TaskCell.swift */,
				DDB44DA529C638D4008F5589 /* TaskListViewController.swift */,
				DDB44DA229C638A6008F5589 /* TaskDetailViewController.swift */,
				DDB44DB229C63AAF008F5589 /* TaskComposeViewController.swift */,
				DDB44DAA29C63932008F5589 /* Main.storyboard */,
				DDB44D7929C6296F008F5589 /* Assets.xcassets */,
				DDB44D7B29C6296F008F5589 /* LaunchScreen.storyboard */,
				DDB44D7E29C6296F008F5589 /* Info.plist */,
			);
			path = PSH;
			sourceTree = "<group>";
		};
/* End PBXGroup section */

/* Begin PBXNativeTarget section */
		DDB44D6C29C6296E008F5589 /* PSH */ = {
			isa = PBXNativeTarget;
			buildConfigurationList = DDB44D8129C6296F008F5589 /* Build configuration list for PBXNativeTarget "PSH" */;
			buildPhases = (
				DDB44D6929C6296E008F5589 /* Sources */,
				DDB44D6A29C6296E008F5589 /* Frameworks */,
				DDB44D6B29C6296E008F5589 /* Resources */,
			);
			buildRules = (
			);
			dependencies = (
			);
			name = PSH;
			productName = PSH;
			productReference = DDB44D6D29C6296E008F5589 /* PSH.app */;
			productType = "com.apple.product-type.application";
		};
/* End PBXNativeTarget section */

/* Begin PBXProject section */
		DDB44D6529C6296E008F5589 /* Project object */ = {
			isa = PBXProject;
			attributes = {
				BuildIndependentTargetsInParallel = 1;
				LastSwiftUpdateCheck = 1420;
				LastUpgradeCheck = 1420;
				TargetAttributes = {
					DDB44D6C29C6296E008F5589 = {
						CreatedOnToolsVersion = 14.2;
					};
				};
			};
			buildConfigurationList = DDB44D6829C6296E008F5589 /* Build configuration list for PBXProject "PSH" */;
			compatibilityVersion = "Xcode 14.0";
			developmentRegion = en;
			hasScannedForEncodings = 0;
			knownRegions = (
				en,
				Base,
			);
			mainGroup = DDB44D6429C6296E008F5589;
			productRefGroup = DDB44D6E29C6296E008F5589 /* Products */;
			projectDirPath = "";
			projectRoot = "";
			targets = (
				DDB44D6C29C6296E008F5589 /* PSH */,
			);
		};
/* End PBXProject section */

/* Begin PBXResourcesBuildPhase section */
		DDB44D6B29C6296E008F5589 /* Resources */ = {
			isa = PBXResourcesBuildPhase;
			buildActionMask = 2147483647;
			files = (
				DDB44DAB29C63932008F5589 /* Main.storyboard in Resources */,
				DDB44D7D29C6296F008F5589 /* LaunchScreen.storyboard in Resources */,
				DDB44D7A29C6296F008F5589 /* Assets.xcassets in Resources */,
			);
			runOnlyForDeploymentPostprocessing = 0;
		};
/* End PBXResourcesBuildPhase section */

/* Begin PBXSourcesBuildPhase section */
		DDB44D6929C6296E008F5589 /* Sources */ = {
			isa = PBXSourcesBuildPhase;
			buildActionMask = 2147483647;
			files = (
				DDB44DB129C63A65008F5589 /* TaskDetailViewController.swift in Sources */,
				DDB44DAE29C63A5E008F5589 /* TaskCell.swift in Sources */,
				DDB44DB329C63AAF008F5589 /* TaskComposeViewController.swift in Sources */,
				DDB44D7129C6296E008F5589 /* AppDelegate.swift in Sources */,
				DDB44DAD29C63A4E008F5589 /* Task.swift in Sources */,
				DDB44D7329C6296E008F5589 /* SceneDelegate.swift in Sources */,
				DDB44DAF29C63A60008F5589 /* TaskListViewController.swift in Sources */,
			);
			runOnlyForDeploymentPostprocessing = 0;
		};
/* End PBXSourcesBuildPhase section */

/* Begin PBXVariantGroup section */
		DDB44D7B29C6296F008F5589 /* LaunchScreen.storyboard */ = {
			isa = PBXVariantGroup;
			children = (
				DDB44D7C29C6296F008F5589 /* Base */,
			);
			name = LaunchScreen.storyboard;
			sourceTree = "<group>";
		};
/* End PBXVariantGroup section */

/* Begin XCBuildConfiguration section */
		DDB44D7F29C6296F008F5589 /* Debug */ = {
			isa = XCBuildConfiguration;
			buildSettings = {
				ALWAYS_SEARCH_USER_PATHS = NO;
				CLANG_ANALYZER_NONNULL = YES;
				CLANG_ANALYZER_NUMBER_OBJECT_CONVERSION = YES_AGGRESSIVE;
				CLANG_CXX_LANGUAGE_STANDARD = "gnu++20";
				CLANG_ENABLE_MODULES = YES;
				CLANG_ENABLE_OBJC_ARC = YES;
				CLANG_ENABLE_OBJC_WEAK = YES;
				CLANG_WARN_BLOCK_CAPTURE_AUTORELEASING = YES;
				CLANG_WARN_BOOL_CONVERSION = YES;
				CLANG_WARN_COMMA = YES;
				CLANG_WARN_CONSTANT_CONVERSION = YES;
				CLANG_WARN_DEPRECATED_OBJC_IMPLEMENTATIONS = YES;
				CLANG_WARN_DIRECT_OBJC_ISA_USAGE = YES_ERROR;
				CLANG_WARN_DOCUMENTATION_COMMENTS = YES;
				CLANG_WARN_EMPTY_BODY = YES;
				CLANG_WARN_ENUM_CONVERSION = YES;
				CLANG_WARN_INFINITE_RECURSION = YES;
				CLANG_WARN_INT_CONVERSION = YES;
				CLANG_WARN_NON_LITERAL_NULL_CONVERSION = YES;
				CLANG_WARN_OBJC_IMPLICIT_RETAIN_SELF = YES;
				CLANG_WARN_OBJC_LITERAL_CONVERSION = YES;
				CLANG_WARN_OBJC_ROOT_CLASS = YES_ERROR;
				CLANG_WARN_QUOTED_INCLUDE_IN_FRAMEWORK_HEADER = YES;
				CLANG_WARN_RANGE_LOOP_ANALYSIS = YES;
				CLANG_WARN_STRICT_PROTOTYPES = YES;
				CLANG_WARN_SUSPICIOUS_MOVE = YES;
				CLANG_WARN_UNGUARDED_AVAILABILITY = YES_AGGRESSIVE;
				CLANG_WARN_UNREACHABLE_CODE = YES;
				CLANG_WARN__DUPLICATE_METHOD_MATCH = YES;
				COPY_PHASE_STRIP = NO;
				DEBUG_INFORMATION_FORMAT = dwarf;
				ENABLE_STRICT_OBJC_MSGSEND = YES;
				ENABLE_TESTABILITY = YES;
				GCC_C_LANGUAGE_STANDARD = gnu11;
				GCC_DYNAMIC_NO_PIC = NO;
				GCC_NO_COMMON_BLOCKS = YES;
				GCC_OPTIMIZATION_LEVEL = 0;
				GCC_PREPROCESSOR_DEFINITIONS = (
					"DEBUG=1",
					"$(inherited)",
				);
				GCC_WARN_64_TO_32_BIT_CONVERSION = YES;
				GCC_WARN_ABOUT_RETURN_TYPE = YES_ERROR;
				GCC_WARN_UNDECLARED_SELECTOR = YES;
				GCC_WARN_UNINITIALIZED_AUTOS = YES_AGGRESSIVE;
				GCC_WARN_UNUSED_FUNCTION = YES;
				GCC_WARN_UNUSED_VARIABLE = YES;
				IPHONEOS_DEPLOYMENT_TARGET = 16.2;
				MTL_ENABLE_DEBUG_INFO = INCLUDE_SOURCE;
				MTL_FAST_MATH = YES;
				ONLY_ACTIVE_ARCH = YES;
				SDKROOT = iphoneos;
				SWIFT_ACTIVE_COMPILATION_CONDITIONS = DEBUG;
				SWIFT_OPTIMIZATION_LEVEL = "-Onone";
			};
			name = Debug;
		};
		DDB44D8029C6296F008F5589 /* Release */ = {
			isa = XCBuildConfiguration;
			buildSettings = {
				ALWAYS_SEARCH_USER_PATHS = NO;
				CLANG_ANALYZER_NONNULL = YES;
				CLANG_ANALYZER_NUMBER_OBJECT_CONVERSION = YES_AGGRESSIVE;
				CLANG_CXX_LANGUAGE_STANDARD = "gnu++20";
				CLANG_ENABLE_MODULES = YES;
				CLANG_ENABLE_OBJC_ARC = YES;
				CLANG_ENABLE_OBJC_WEAK = YES;
				CLANG_WARN_BLOCK_CAPTURE_AUTORELEASING = YES;
				CLANG_WARN_BOOL_CONVERSION = YES;
				CLANG_WARN_COMMA = YES;
				CLANG_WARN_CONSTANT_CONVERSION = YES;
				CLANG_WARN_DEPRECATED_OBJC_IMPLEMENTATIONS = YES;
				CLANG_WARN_DIRECT_OBJC_ISA_USAGE = YES_ERROR;
				CLANG_WARN_DOCUMENTATION_COMMENTS = YES;
				CLANG_WARN_EMPTY_BODY = YES;
				CLANG_WARN_ENUM_CONVERSION = YES;
				CLANG_WARN_INFINITE_RECURSION = YES;
				CLANG_WARN_INT_CONVERSION = YES;
				CLANG_WARN_NON_LITERAL_NULL_CONVERSION = YES;
				CLANG_WARN_OBJC_IMPLICIT_RETAIN_SELF = YES;
				CLANG_WARN_OBJC_LITERAL_CONVERSION = YES;
				CLANG_WARN_OBJC_ROOT_CLASS = YES_ERROR;
				CLANG_WARN_QUOTED_INCLUDE_IN_FRAMEWORK_HEADER = YES;
				CLANG_WARN_RANGE_LOOP_ANALYSIS = YES;
				CLANG_WARN_STRICT_PROTOTYPES = YES;
				CLANG_WARN_SUSPICIOUS_MOVE = YES;
				CLANG_WARN_UNGUARDED_AVAILABILITY = YES_AGGRESSIVE;
				CLANG_WARN_UNREACHABLE_CODE = YES;
				CLANG_WARN__DUPLICATE_METHOD_MATCH = YES;
				COPY_PHASE_STRIP = NO;
				DEBUG_INFORMATION_FORMAT = "dwarf-with-dsym";
				ENABLE_NS_ASSERTIONS = NO;
				ENABLE_STRICT_OBJC_MSGSEND = YES;
				GCC_C_LANGUAGE_STANDARD = gnu11;
				GCC_NO_COMMON_BLOCKS = YES;
				GCC_WARN_64_TO_32_BIT_CONVERSION = YES;
				GCC_WARN_ABOUT_RETURN_TYPE = YES_ERROR;
				GCC_WARN_UNDECLARED_SELECTOR = YES;
				GCC_WARN_UNINITIALIZED_AUTOS = YES_AGGRESSIVE;
				GCC_WARN_UNUSED_FUNCTION = YES;
				GCC_WARN_UNUSED_VARIABLE = YES;
				IPHONEOS_DEPLOYMENT_TARGET = 16.2;
				MTL_ENABLE_DEBUG_INFO = NO;
				MTL_FAST_MATH = YES;
				SDKROOT = iphoneos;
				SWIFT_COMPILATION_MODE = wholemodule;
				SWIFT_OPTIMIZATION_LEVEL = "-O";
				VALIDATE_PRODUCT = YES;
			};
			name = Release;
		};
		DDB44D8229C6296F008F5589 /* Debug */ = {
			isa = XCBuildConfiguration;
			buildSettings = {
				ASSETCATALOG_COMPILER_APPICON_NAME = AppIcon;
				ASSETCATALOG_COMPILER_GLOBAL_ACCENT_COLOR_NAME = AccentColor;
				CODE_SIGN_STYLE = Automatic;
				CURRENT_PROJECT_VERSION = 1;
				DEVELOPMENT_TEAM = JGQ676793B;
				GENERATE_INFOPLIST_FILE = YES;
				INFOPLIST_FILE = PSH/Info.plist;
				INFOPLIST_KEY_UIApplicationSupportsIndirectInputEvents = YES;
				INFOPLIST_KEY_UILaunchStoryboardName = LaunchScreen;
				INFOPLIST_KEY_UIMainStoryboardFile = Main;
				INFOPLIST_KEY_UISupportedInterfaceOrientations_iPad = "UIInterfaceOrientationPortrait UIInterfaceOrientationPortraitUpsideDown UIInterfaceOrientationLandscapeLeft UIInterfaceOrientationLandscapeRight";
				INFOPLIST_KEY_UISupportedInterfaceOrientations_iPhone = "UIInterfaceOrientationPortrait UIInterfaceOrientationLandscapeLeft UIInterfaceOrientationLandscapeRight";
				LD_RUNPATH_SEARCH_PATHS = (
					"$(inherited)",
					"@executable_path/Frameworks",
				);
				MARKETING_VERSION = 1.0;
				PRODUCT_BUNDLE_IDENTIFIER = JFOB.PSH;
				PRODUCT_NAME = "$(TARGET_NAME)";
				SWIFT_EMIT_LOC_STRINGS = YES;
				SWIFT_VERSION = 5.0;
				TARGETED_DEVICE_FAMILY = "1,2";
			};
			name = Debug;
		};
		DDB44D8329C6296F008F5589 /* Release */ = {
			isa = XCBuildConfiguration;
			buildSettings = {
				ASSETCATALOG_COMPILER_APPICON_NAME = AppIcon;
				ASSETCATALOG_COMPILER_GLOBAL_ACCENT_COLOR_NAME = AccentColor;
				CODE_SIGN_STYLE = Automatic;
				CURRENT_PROJECT_VERSION = 1;
				DEVELOPMENT_TEAM = JGQ676793B;
				GENERATE_INFOPLIST_FILE = YES;
				INFOPLIST_FILE = PSH/Info.plist;
				INFOPLIST_KEY_UIApplicationSupportsIndirectInputEvents = YES;
				INFOPLIST_KEY_UILaunchStoryboardName = LaunchScreen;
				INFOPLIST_KEY_UIMainStoryboardFile = Main;
				INFOPLIST_KEY_UISupportedInterfaceOrientations_iPad = "UIInterfaceOrientationPortrait UIInterfaceOrientationPortraitUpsideDown UIInterfaceOrientationLandscapeLeft UIInterfaceOrientationLandscapeRight";
				INFOPLIST_KEY_UISupportedInterfaceOrientations_iPhone = "UIInterfaceOrientationPortrait UIInterfaceOrientationLandscapeLeft UIInterfaceOrientationLandscapeRight";
				LD_RUNPATH_SEARCH_PATHS = (
					"$(inherited)",
					"@executable_path/Frameworks",
				);
				MARKETING_VERSION = 1.0;
				PRODUCT_BUNDLE_IDENTIFIER = JFOB.PSH;
				PRODUCT_NAME = "$(TARGET_NAME)";
				SWIFT_EMIT_LOC_STRINGS = YES;
				SWIFT_VERSION = 5.0;
				TARGETED_DEVICE_FAMILY = "1,2";
			};
			name = Release;
		};
/* End XCBuildConfiguration section */

/* Begin XCConfigurationList section */
		DDB44D6829C6296E008F5589 /* Build configuration list for PBXProject "PSH" */ = {
			isa = XCConfigurationList;
			buildConfigurations = (
				DDB44D7F29C6296F008F5589 /* Debug */,
				DDB44D8029C6296F008F5589 /* Release */,
			);
			defaultConfigurationIsVisible = 0;
			defaultConfigurationName = Release;
		};
		DDB44D8129C6296F008F5589 /* Build configuration list for PBXNativeTarget "PSH" */ = {
			isa = XCConfigurationList;
			buildConfigurations = (
				DDB44D8229C6296F008F5589 /* Debug */,
				DDB44D8329C6296F008F5589 /* Release */,
			);
			defaultConfigurationIsVisible = 0;
			defaultConfigurationName = Release;
		};
/* End XCConfigurationList section */
	};
	rootObject = DDB44D6529C6296E008F5589 /* Project object */;
}
